
Microsoft Visual Studio Solution File, Format Version 12.00
# Visual Studio 15
VisualStudioVersion = 15.0.28307.1382
MinimumVisualStudioVersion = 10.0.40219.1
Project("{FAE04EC0-301F-11D3-BF4B-00C04F79EFBC}") = "TI.MY.LANCHE", "TI.MY.LANCHE\TI.MY.LANCHE.csproj", "{7D83EF3C-2B12-4E56-AD7E-9C45B61817DF}"
EndProject
Project("{FAE04EC0-301F-11D3-BF4B-00C04F79EFBC}") = "TI.REGRA.NEGOCIOS", "TI.TRGRA.NEGOCIOS\TI.REGRA.NEGOCIOS.csproj", "{E71ADDA7-3446-40A6-938D-8BF48040850C}"
EndProject
Project("{FAE04EC0-301F-11D3-BF4B-00C04F79EFBC}") = "TI.OBJETO.TRANSFERENCIA", "TI.OBJETO.TRANSFERENCIA\TI.OBJETO.TRANSFERENCIA.csproj", "{9A2DFF2B-D837-4B46-9F25-A8D8CE0C3F5D}"
EndProject
Project("{FAE04EC0-301F-11D3-BF4B-00C04F79EFBC}") = "TI.ACESSO.DADOS", "TI.ACESSO.DADOS\TI.ACESSO.DADOS.csproj", "{1C5A75A9-46A4-468F-8693-8243C8AE9704}"
EndProject
Project("{FAE04EC0-301F-11D3-BF4B-00C04F79EFBC}") = "TI.MY.LANCHE.ADM", "TI.MY.LANCHE.ADM\TI.MY.LANCHE.ADM.csproj", "{A5B79550-8935-47AD-AB89-CEC7F86B2750}"
EndProject
Global
	GlobalSection(SolutionConfigurationPlatforms) = preSolution
		Debug|Any CPU = Debug|Any CPU
		Release|Any CPU = Release|Any CPU
	EndGlobalSection
	GlobalSection(ProjectConfigurationPlatforms) = postSolution
		{7D83EF3C-2B12-4E56-AD7E-9C45B61817DF}.Debug|Any CPU.ActiveCfg = Debug|Any CPU
		{7D83EF3C-2B12-4E56-AD7E-9C45B61817DF}.Debug|Any CPU.Build.0 = Debug|Any CPU
		{7D83EF3C-2B12-4E56-AD7E-9C45B61817DF}.Release|Any CPU.ActiveCfg = Release|Any CPU
		{7D83EF3C-2B12-4E56-AD7E-9C45B61817DF}.Release|Any CPU.Build.0 = Release|Any CPU
		{E71ADDA7-3446-40A6-938D-8BF48040850C}.Debug|Any CPU.ActiveCfg = Debug|Any CPU
		{E71ADDA7-3446-40A6-938D-8BF48040850C}.Debug|Any CPU.Build.0 = Debug|Any CPU
		{E71ADDA7-3446-40A6-938D-8BF48040850C}.Release|Any CPU.ActiveCfg = Release|Any CPU
		{E71ADDA7-3446-40A6-938D-8BF48040850C}.Release|Any CPU.Build.0 = Release|Any CPU
		{9A2DFF2B-D837-4B46-9F25-A8D8CE0C3F5D}.Debug|Any CPU.ActiveCfg = Debug|Any CPU
		{9A2DFF2B-D837-4B46-9F25-A8D8CE0C3F5D}.Debug|Any CPU.Build.0 = Debug|Any CPU
		{9A2DFF2B-D837-4B46-9F25-A8D8CE0C3F5D}.Release|Any CPU.ActiveCfg = Release|Any CPU
		{9A2DFF2B-D837-4B46-9F25-A8D8CE0C3F5D}.Release|Any CPU.Build.0 = Release|Any CPU
		{1C5A75A9-46A4-468F-8693-8243C8AE9704}.Debug|Any CPU.ActiveCfg = Debug|Any CPU
		{1C5A75A9-46A4-468F-8693-8243C8AE9704}.Debug|Any CPU.Build.0 = Debug|Any CPU
		{1C5A75A9-46A4-468F-8693-8243C8AE9704}.Release|Any CPU.ActiveCfg = Release|Any CPU
		{1C5A75A9-46A4-468F-8693-8243C8AE9704}.Release|Any CPU.Build.0 = Release|Any CPU
		{A5B79550-8935-47AD-AB89-CEC7F86B2750}.Debug|Any CPU.ActiveCfg = Debug|Any CPU
		{A5B79550-8935-47AD-AB89-CEC7F86B2750}.Debug|Any CPU.Build.0 = Debug|Any CPU
		{A5B79550-8935-47AD-AB89-CEC7F86B2750}.Release|Any CPU.ActiveCfg = Release|Any CPU
		{A5B79550-8935-47AD-AB89-CEC7F86B2750}.Release|Any CPU.Build.0 = Release|Any CPU
	EndGlobalSection
	GlobalSection(SolutionProperties) = preSolution
		HideSolutionNode = FALSE
	EndGlobalSection
	GlobalSection(ExtensibilityGlobals) = postSolution
		SolutionGuid = {68D26B98-2812-4821-B184-ACC549A9E414}
	EndGlobalSection
EndGlobal
